<?xml version="1.0" encoding="utf-8"?>
<Project ToolsVersion="4.0" xmlns="http://schemas.microsoft.com/developer/msbuild/2003">
  <ItemGroup>
    <Filter Include="Source Files">
      <UniqueIdentifier>{4FC737F1-C7A5-4376-A066-2A32D752A2FF}</UniqueIdentifier>
      <Extensions>cpp;c;cc;cxx;def;odl;idl;hpj;bat;asm;asmx</Extensions>
    </Filter>
    <Filter Include="Header Files">
      <UniqueIdentifier>{93995380-89BD-4b04-88EB-625FBE52EBFB}</UniqueIdentifier>
      <Extensions>h;hh;hpp;hxx;hm;inl;inc;xsd</Extensions>
    </Filter>
    <Filter Include="Resource Files">
      <UniqueIdentifier>{67DA6AB6-F800-4c08-8B7A-83BB121AAD01}</UniqueIdentifier>
      <Extensions>rc;ico;cur;bmp;dlg;rc2;rct;bin;rgs;gif;jpg;jpeg;jpe;resx;tiff;tif;png;wav;mfcribbon-ms</Extensions>
    </Filter>
    <Filter Include="Source Files\core">
      <UniqueIdentifier>{f5c345cc-fa34-40e5-9500-5f3d68988196}</UniqueIdentifier>
    </Filter>
    <Filter Include="Source Files\map parsing">
      <UniqueIdentifier>{94ce3449-509c-4434-a5cd-1d22c7f597ca}</UniqueIdentifier>
    </Filter>
    <Filter Include="Source Files\util">
      <UniqueIdentifier>{71d67b2a-da73-4574-a05e-8ef97f5cf6eb}</UniqueIdentifier>
    </Filter>
    <Filter Include="Source Files\ai">
      <UniqueIdentifier>{0022a722-15cc-4499-9002-99452906a9db}</UniqueIdentifier>
    </Filter>
  </ItemGroup>
  <ItemGroup>
    <ClCompile Include="main.cpp">
      <Filter>Source Files</Filter>
    </ClCompile>
    <ClCompile Include="engine.cpp">
      <Filter>Source Files\core</Filter>
    </ClCompile>
    <ClCompile Include="main_menu_state.cpp">
      <Filter>Source Files\core</Filter>
    </ClCompile>
    <ClCompile Include="base64.cpp">
      <Filter>Source Files\map parsing</Filter>
    </ClCompile>
    <ClCompile Include="tmxparser.cpp">
      <Filter>Source Files\map parsing</Filter>
    </ClCompile>
    <ClCompile Include="tinyxml2.cpp">
      <Filter>Source Files\map parsing</Filter>
    </ClCompile>
    <ClCompile Include="placement_state.cpp">
      <Filter>Source Files\core</Filter>
    </ClCompile>
    <ClCompile Include="simulation_state.cpp">
      <Filter>Source Files\core</Filter>
    </ClCompile>
    <ClCompile Include="person.cpp">
      <Filter>Source Files\ai</Filter>
    </ClCompile>
    <ClCompile Include="CommPort.cpp">
      <Filter>Source Files\util</Filter>
    </ClCompile>
  </ItemGroup>
  <ItemGroup>
    <None Include="libpng16-16.dll" />
    <None Include="SDL2.dll" />
    <None Include="SDL2_image.dll" />
    <None Include="zlib1.dll" />
    <None Include="libfreetype-6.dll" />
  </ItemGroup>
  <ItemGroup>
    <ClInclude Include="engine.h">
      <Filter>Source Files\core</Filter>
    </ClInclude>
    <ClInclude Include="game_state.h">
      <Filter>Source Files\core</Filter>
    </ClInclude>
    <ClInclude Include="main_menu_state.h">
      <Filter>Source Files\core</Filter>
    </ClInclude>
    <ClInclude Include="base64.h">
      <Filter>Source Files\map parsing</Filter>
    </ClInclude>
    <ClInclude Include="tmxparser.h">
      <Filter>Source Files\map parsing</Filter>
    </ClInclude>
    <ClInclude Include="tinyxml2.h">
      <Filter>Source Files\map parsing</Filter>
    </ClInclude>
    <ClInclude Include="placement_state.h">
      <Filter>Source Files\core</Filter>
    </ClInclude>
    <ClInclude Include="simulation_state.h">
      <Filter>Source Files\core</Filter>
    </ClInclude>
    <ClInclude Include="two_d_array.h">
      <Filter>Source Files\util</Filter>
    </ClInclude>
    <ClInclude Include="tile.h">
      <Filter>Source Files\util</Filter>
    </ClInclude>
    <ClInclude Include="coord.h">
      <Filter>Source Files\util</Filter>
    </ClInclude>
    <ClInclude Include="person.h">
      <Filter>Source Files\ai</Filter>
    </ClInclude>
    <ClInclude Include="CommPort.h">
      <Filter>Source Files\util</Filter>
    </ClInclude>
  </ItemGroup>
</Project>